
Microsoft Visual Studio Solution File, Format Version 12.00
# Visual Studio Version 16
VisualStudioVersion = 16.0.29926.136
MinimumVisualStudioVersion = 10.0.40219.1
Project("{8BC9CEB8-8B4A-11D0-8D11-00A0C91BC942}") = "Calculator", "Calculator\Calculator.vcxproj", "{CF549C2D-5298-4C17-823F-48D7B30A9EC7}"
EndProject
Project("{8BC9CEB8-8B4A-11D0-8D11-00A0C91BC942}") = "CalculatorTests", "CalculatorTests\CalculatorTests.vcxproj", "{689B7DFB-343F-4D6E-A710-B1D158E30496}"
EndProject
Global
	GlobalSection(SolutionConfigurationPlatforms) = preSolution
		Debug|x64 = Debug|x64
		Debug|x86 = Debug|x86
		Release|x64 = Release|x64
		Release|x86 = Release|x86
	EndGlobalSection
	GlobalSection(ProjectConfigurationPlatforms) = postSolution
		{CF549C2D-5298-4C17-823F-48D7B30A9EC7}.Debug|x64.ActiveCfg = Debug|x64
		{CF549C2D-5298-4C17-823F-48D7B30A9EC7}.Debug|x64.Build.0 = Debug|x64
		{CF549C2D-5298-4C17-823F-48D7B30A9EC7}.Debug|x86.ActiveCfg = Debug|Win32
		{CF549C2D-5298-4C17-823F-48D7B30A9EC7}.Debug|x86.Build.0 = Debug|Win32
		{CF549C2D-5298-4C17-823F-48D7B30A9EC7}.Release|x64.ActiveCfg = Release|x64
		{CF549C2D-5298-4C17-823F-48D7B30A9EC7}.Release|x64.Build.0 = Release|x64
		{CF549C2D-5298-4C17-823F-48D7B30A9EC7}.Release|x86.ActiveCfg = Release|Win32
		{CF549C2D-5298-4C17-823F-48D7B30A9EC7}.Release|x86.Build.0 = Release|Win32
		{689B7DFB-343F-4D6E-A710-B1D158E30496}.Debug|x64.ActiveCfg = Debug|x64
		{689B7DFB-343F-4D6E-A710-B1D158E30496}.Debug|x64.Build.0 = Debug|x64
		{689B7DFB-343F-4D6E-A710-B1D158E30496}.Debug|x86.ActiveCfg = Debug|Win32
		{689B7DFB-343F-4D6E-A710-B1D158E30496}.Debug|x86.Build.0 = Debug|Win32
		{689B7DFB-343F-4D6E-A710-B1D158E30496}.Release|x64.ActiveCfg = Release|x64
		{689B7DFB-343F-4D6E-A710-B1D158E30496}.Release|x64.Build.0 = Release|x64
		{689B7DFB-343F-4D6E-A710-B1D158E30496}.Release|x86.ActiveCfg = Release|Win32
		{689B7DFB-343F-4D6E-A710-B1D158E30496}.Release|x86.Build.0 = Release|Win32
	EndGlobalSection
	GlobalSection(SolutionProperties) = preSolution
		HideSolutionNode = FALSE
	EndGlobalSection
	GlobalSection(ExtensibilityGlobals) = postSolution
		SolutionGuid = {39E047BD-A2DE-4ACC-8224-92DEFCDAE391}
	EndGlobalSection
EndGlobal
